
Microsoft Visual Studio Solution File, Format Version 12.00
# Visual Studio Version 17
VisualStudioVersion = 17.4.33110.190
MinimumVisualStudioVersion = 10.0.40219.1
Project("{FAE04EC0-301F-11D3-BF4B-00C04F79EFBC}") = "AspNetCoreWebApi", "AspNetCoreWebApi\AspNetCoreWebApi.csproj", "{00A54AD9-10DD-4213-BABC-7CFCB3F1CB86}"
EndProject
Global
	GlobalSection(SolutionConfigurationPlatforms) = preSolution
		Debug|Any CPU = Debug|Any CPU
		Release|Any CPU = Release|Any CPU
	EndGlobalSection
	GlobalSection(ProjectConfigurationPlatforms) = postSolution
		{00A54AD9-10DD-4213-BABC-7CFCB3F1CB86}.Debug|Any CPU.ActiveCfg = Debug|Any CPU
		{00A54AD9-10DD-4213-BABC-7CFCB3F1CB86}.Debug|Any CPU.Build.0 = Debug|Any CPU
		{00A54AD9-10DD-4213-BABC-7CFCB3F1CB86}.Release|Any CPU.ActiveCfg = Release|Any CPU
		{00A54AD9-10DD-4213-BABC-7CFCB3F1CB86}.Release|Any CPU.Build.0 = Release|Any CPU
	EndGlobalSection
	GlobalSection(SolutionProperties) = preSolution
		HideSolutionNode = FALSE
	EndGlobalSection
	GlobalSection(ExtensibilityGlobals) = postSolution
		SolutionGuid = {475357D5-4DA9-4D7B-A90E-7EE8A5DA1CEC}
	EndGlobalSection
EndGlobal
